// !$*UTF8*$!
{
	archiveVersion = 1;
	classes = {
	};
	objectVersion = 50;
	objects = {

/* Begin PBXBuildFile section */
		3FF898E42500298E0086B713 /* AppDelegate.swift in Sources */ = {isa = PBXBuildFile; fileRef = 3FF898E32500298E0086B713 /* AppDelegate.swift */; };
		3FF898E62500298E0086B713 /* SceneDelegate.swift in Sources */ = {isa = PBXBuildFile; fileRef = 3FF898E52500298E0086B713 /* SceneDelegate.swift */; };
		3FF898E82500298E0086B713 /* ViewController.swift in Sources */ = {isa = PBXBuildFile; fileRef = 3FF898E72500298E0086B713 /* ViewController.swift */; };
		3FF898EB2500298E0086B713 /* Main.storyboard in Resources */ = {isa = PBXBuildFile; fileRef = 3FF898E92500298E0086B713 /* Main.storyboard */; };
		3FF898EE2500298E0086B713 /* GitUseExample.xcdatamodeld in Sources */ = {isa = PBXBuildFile; fileRef = 3FF898EC2500298E0086B713 /* GitUseExample.xcdatamodeld */; };
		3FF898F02500298F0086B713 /* Assets.xcassets in Resources */ = {isa = PBXBuildFile; fileRef = 3FF898EF2500298F0086B713 /* Assets.xcassets */; };
		3FF898F32500298F0086B713 /* LaunchScreen.storyboard in Resources */ = {isa = PBXBuildFile; fileRef = 3FF898F12500298F0086B713 /* LaunchScreen.storyboard */; };
		3FF898FE2500298F0086B713 /* GitUseExampleTests.swift in Sources */ = {isa = PBXBuildFile; fileRef = 3FF898FD2500298F0086B713 /* GitUseExampleTests.swift */; };
		3FF899092500298F0086B713 /* GitUseExampleUITests.swift in Sources */ = {isa = PBXBuildFile; fileRef = 3FF899082500298F0086B713 /* GitUseExampleUITests.swift */; };
/* End PBXBuildFile section */

/* Begin PBXContainerItemProxy section */
		3FF898FA2500298F0086B713 /* PBXContainerItemProxy */ = {
			isa = PBXContainerItemProxy;
			containerPortal = 3FF898D82500298E0086B713 /* Project object */;
			proxyType = 1;
			remoteGlobalIDString = 3FF898DF2500298E0086B713;
			remoteInfo = GitUseExample;
		};
		3FF899052500298F0086B713 /* PBXContainerItemProxy */ = {
			isa = PBXContainerItemProxy;
			containerPortal = 3FF898D82500298E0086B713 /* Project object */;
			proxyType = 1;
			remoteGlobalIDString = 3FF898DF2500298E0086B713;
			remoteInfo = GitUseExample;
		};
/* End PBXContainerItemProxy section */

/* Begin PBXFileReference section */
		3FF898E02500298E0086B713 /* GitUseExample.app */ = {isa = PBXFileReference; explicitFileType = wrapper.application; includeInIndex = 0; path = GitUseExample.app; sourceTree = BUILT_PRODUCTS_DIR; };
		3FF898E32500298E0086B713 /* AppDelegate.swift */ = {isa = PBXFileReference; lastKnownFileType = sourcecode.swift; path = AppDelegate.swift; sourceTree = "<group>"; };
		3FF898E52500298E0086B713 /* SceneDelegate.swift */ = {isa = PBXFileReference; lastKnownFileType = sourcecode.swift; path = SceneDelegate.swift; sourceTree = "<group>"; };
		3FF898E72500298E0086B713 /* ViewController.swift */ = {isa = PBXFileReference; lastKnownFileType = sourcecode.swift; path = ViewController.swift; sourceTree = "<group>"; };
		3FF898EA2500298E0086B713 /* Base */ = {isa = PBXFileReference; lastKnownFileType = file.storyboard; name = Base; path = Base.lproj/Main.storyboard; sourceTree = "<group>"; };
		3FF898ED2500298E0086B713 /* GitUseExample.xcdatamodel */ = {isa = PBXFileReference; lastKnownFileType = wrapper.xcdatamodel; path = GitUseExample.xcdatamodel; sourceTree = "<group>"; };
		3FF898EF2500298F0086B713 /* Assets.xcassets */ = {isa = PBXFileReference; lastKnownFileType = folder.assetcatalog; path = Assets.xcassets; sourceTree = "<group>"; };
		3FF898F22500298F0086B713 /* Base */ = {isa = PBXFileReference; lastKnownFileType = file.storyboard; name = Base; path = Base.lproj/LaunchScreen.storyboard; sourceTree = "<group>"; };
		3FF898F42500298F0086B713 /* Info.plist */ = {isa = PBXFileReference; lastKnownFileType = text.plist.xml; path = Info.plist; sourceTree = "<group>"; };
		3FF898F92500298F0086B713 /* GitUseExampleTests.xctest */ = {isa = PBXFileReference; explicitFileType = wrapper.cfbundle; includeInIndex = 0; path = GitUseExampleTests.xctest; sourceTree = BUILT_PRODUCTS_DIR; };
		3FF898FD2500298F0086B713 /* GitUseExampleTests.swift */ = {isa = PBXFileReference; lastKnownFileType = sourcecode.swift; path = GitUseExampleTests.swift; sourceTree = "<group>"; };
		3FF898FF2500298F0086B713 /* Info.plist */ = {isa = PBXFileReference; lastKnownFileType = text.plist.xml; path = Info.plist; sourceTree = "<group>"; };
		3FF899042500298F0086B713 /* GitUseExampleUITests.xctest */ = {isa = PBXFileReference; explicitFileType = wrapper.cfbundle; includeInIndex = 0; path = GitUseExampleUITests.xctest; sourceTree = BUILT_PRODUCTS_DIR; };
		3FF899082500298F0086B713 /* GitUseExampleUITests.swift */ = {isa = PBXFileReference; lastKnownFileType = sourcecode.swift; path = GitUseExampleUITests.swift; sourceTree = "<group>"; };
		3FF8990A2500298F0086B713 /* Info.plist */ = {isa = PBXFileReference; lastKnownFileType = text.plist.xml; path = Info.plist; sourceTree = "<group>"; };
/* End PBXFileReference section */

/* Begin PBXFrameworksBuildPhase section */
		3FF898DD2500298E0086B713 /* Frameworks */ = {
			isa = PBXFrameworksBuildPhase;
			buildActionMask = 2147483647;
			files = (
			);
			runOnlyForDeploymentPostprocessing = 0;
		};
		3FF898F62500298F0086B713 /* Frameworks */ = {
			isa = PBXFrameworksBuildPhase;
			buildActionMask = 2147483647;
			files = (
			);
			runOnlyForDeploymentPostprocessing = 0;
		};
		3FF899012500298F0086B713 /* Frameworks */ = {
			isa = PBXFrameworksBuildPhase;
			buildActionMask = 2147483647;
			files = (
			);
			runOnlyForDeploymentPostprocessing = 0;
		};
/* End PBXFrameworksBuildPhase section */

/* Begin PBXGroup section */
		3FF898D72500298E0086B713 = {
			isa = PBXGroup;
			children = (
				3FF898E22500298E0086B713 /* GitUseExample */,
				3FF898FC2500298F0086B713 /* GitUseExampleTests */,
				3FF899072500298F0086B713 /* GitUseExampleUITests */,
				3FF898E12500298E0086B713 /* Products */,
			);
			sourceTree = "<group>";
		};
		3FF898E12500298E0086B713 /* Products */ = {
			isa = PBXGroup;
			children = (
				3FF898E02500298E0086B713 /* GitUseExample.app */,
				3FF898F92500298F0086B713 /* GitUseExampleTests.xctest */,
				3FF899042500298F0086B713 /* GitUseExampleUITests.xctest */,
			);
			name = Products;
			sourceTree = "<group>";
		};
		3FF898E22500298E0086B713 /* GitUseExample */ = {
			isa = PBXGroup;
			children = (
				3FF898E32500298E0086B713 /* AppDelegate.swift */,
				3FF898E52500298E0086B713 /* SceneDelegate.swift */,
				3FF898E72500298E0086B713 /* ViewController.swift */,
				3FF898E92500298E0086B713 /* Main.storyboard */,
				3FF898EF2500298F0086B713 /* Assets.xcassets */,
				3FF898F12500298F0086B713 /* LaunchScreen.storyboard */,
				3FF898F42500298F0086B713 /* Info.plist */,
				3FF898EC2500298E0086B713 /* GitUseExample.xcdatamodeld */,
			);
			path = GitUseExample;
			sourceTree = "<group>";
		};
		3FF898FC2500298F0086B713 /* GitUseExampleTests */ = {
			isa = PBXGroup;
			children = (
				3FF898FD2500298F0086B713 /* GitUseExampleTests.swift */,
				3FF898FF2500298F0086B713 /* Info.plist */,
			);
			path = GitUseExampleTests;
			sourceTree = "<group>";
		};
		3FF899072500298F0086B713 /* GitUseExampleUITests */ = {
			isa = PBXGroup;
			children = (
				3FF899082500298F0086B713 /* GitUseExampleUITests.swift */,
				3FF8990A2500298F0086B713 /* Info.plist */,
			);
			path = GitUseExampleUITests;
			sourceTree = "<group>";
		};
/* End PBXGroup section */

/* Begin PBXNativeTarget section */
		3FF898DF2500298E0086B713 /* GitUseExample */ = {
			isa = PBXNativeTarget;
			buildConfigurationList = 3FF8990D2500298F0086B713 /* Build configuration list for PBXNativeTarget "GitUseExample" */;
			buildPhases = (
				3FF898DC2500298E0086B713 /* Sources */,
				3FF898DD2500298E0086B713 /* Frameworks */,
				3FF898DE2500298E0086B713 /* Resources */,
			);
			buildRules = (
			);
			dependencies = (
			);
			name = GitUseExample;
			productName = GitUseExample;
			productReference = 3FF898E02500298E0086B713 /* GitUseExample.app */;
			productType = "com.apple.product-type.application";
		};
		3FF898F82500298F0086B713 /* GitUseExampleTests */ = {
			isa = PBXNativeTarget;
			buildConfigurationList = 3FF899102500298F0086B713 /* Build configuration list for PBXNativeTarget "GitUseExampleTests" */;
			buildPhases = (
				3FF898F52500298F0086B713 /* Sources */,
				3FF898F62500298F0086B713 /* Frameworks */,
				3FF898F72500298F0086B713 /* Resources */,
			);
			buildRules = (
			);
			dependencies = (
				3FF898FB2500298F0086B713 /* PBXTargetDependency */,
			);
			name = GitUseExampleTests;
			productName = GitUseExampleTests;
			productReference = 3FF898F92500298F0086B713 /* GitUseExampleTests.xctest */;
			productType = "com.apple.product-type.bundle.unit-test";
		};
		3FF899032500298F0086B713 /* GitUseExampleUITests */ = {
			isa = PBXNativeTarget;
			buildConfigurationList = 3FF899132500298F0086B713 /* Build configuration list for PBXNativeTarget "GitUseExampleUITests" */;
			buildPhases = (
				3FF899002500298F0086B713 /* Sources */,
				3FF899012500298F0086B713 /* Frameworks */,
				3FF899022500298F0086B713 /* Resources */,
			);
			buildRules = (
			);
			dependencies = (
				3FF899062500298F0086B713 /* PBXTargetDependency */,
			);
			name = GitUseExampleUITests;
			productName = GitUseExampleUITests;
			productReference = 3FF899042500298F0086B713 /* GitUseExampleUITests.xctest */;
			productType = "com.apple.product-type.bundle.ui-testing";
		};
/* End PBXNativeTarget section */

/* Begin PBXProject section */
		3FF898D82500298E0086B713 /* Project object */ = {
			isa = PBXProject;
			attributes = {
				LastSwiftUpdateCheck = 1150;
				LastUpgradeCheck = 1150;
				ORGANIZATIONNAME = "MAD 257";
				TargetAttributes = {
					3FF898DF2500298E0086B713 = {
						CreatedOnToolsVersion = 11.5;
					};
					3FF898F82500298F0086B713 = {
						CreatedOnToolsVersion = 11.5;
						TestTargetID = 3FF898DF2500298E0086B713;
					};
					3FF899032500298F0086B713 = {
						CreatedOnToolsVersion = 11.5;
						TestTargetID = 3FF898DF2500298E0086B713;
					};
				};
			};
			buildConfigurationList = 3FF898DB2500298E0086B713 /* Build configuration list for PBXProject "GitUseExample" */;
			compatibilityVersion = "Xcode 9.3";
			developmentRegion = en;
			hasScannedForEncodings = 0;
			knownRegions = (
				en,
				Base,
			);
			mainGroup = 3FF898D72500298E0086B713;
			productRefGroup = 3FF898E12500298E0086B713 /* Products */;
			projectDirPath = "";
			projectRoot = "";
			targets = (
				3FF898DF2500298E0086B713 /* GitUseExample */,
				3FF898F82500298F0086B713 /* GitUseExampleTests */,
				3FF899032500298F0086B713 /* GitUseExampleUITests */,
			);
		};
/* End PBXProject section */

/* Begin PBXResourcesBuildPhase section */
		3FF898DE2500298E0086B713 /* Resources */ = {
			isa = PBXResourcesBuildPhase;
			buildActionMask = 2147483647;
			files = (
				3FF898F32500298F0086B713 /* LaunchScreen.storyboard in Resources */,
				3FF898F02500298F0086B713 /* Assets.xcassets in Resources */,
				3FF898EB2500298E0086B713 /* Main.storyboard in Resources */,
			);
			runOnlyForDeploymentPostprocessing = 0;
		};
		3FF898F72500298F0086B713 /* Resources */ = {
			isa = PBXResourcesBuildPhase;
			buildActionMask = 2147483647;
			files = (
			);
			runOnlyForDeploymentPostprocessing = 0;
		};
		3FF899022500298F0086B713 /* Resources */ = {
			isa = PBXResourcesBuildPhase;
			buildActionMask = 2147483647;
			files = (
			);
			runOnlyForDeploymentPostprocessing = 0;
		};
/* End PBXResourcesBuildPhase section */

/* Begin PBXSourcesBuildPhase section */
		3FF898DC2500298E0086B713 /* Sources */ = {
			isa = PBXSourcesBuildPhase;
			buildActionMask = 2147483647;
			files = (
				3FF898E82500298E0086B713 /* ViewController.swift in Sources */,
				3FF898E42500298E0086B713 /* AppDelegate.swift in Sources */,
				3FF898E62500298E0086B713 /* SceneDelegate.swift in Sources */,
				3FF898EE2500298E0086B713 /* GitUseExample.xcdatamodeld in Sources */,
			);
			runOnlyForDeploymentPostprocessing = 0;
		};
		3FF898F52500298F0086B713 /* Sources */ = {
			isa = PBXSourcesBuildPhase;
			buildActionMask = 2147483647;
			files = (
				3FF898FE2500298F0086B713 /* GitUseExampleTests.swift in Sources */,
			);
			runOnlyForDeploymentPostprocessing = 0;
		};
		3FF899002500298F0086B713 /* Sources */ = {
			isa = PBXSourcesBuildPhase;
			buildActionMask = 2147483647;
			files = (
				3FF899092500298F0086B713 /* GitUseExampleUITests.swift in Sources */,
			);
			runOnlyForDeploymentPostprocessing = 0;
		};
/* End PBXSourcesBuildPhase section */

/* Begin PBXTargetDependency section */
		3FF898FB2500298F0086B713 /* PBXTargetDependency */ = {
			isa = PBXTargetDependency;
			target = 3FF898DF2500298E0086B713 /* GitUseExample */;
			targetProxy = 3FF898FA2500298F0086B713 /* PBXContainerItemProxy */;
		};
		3FF899062500298F0086B713 /* PBXTargetDependency */ = {
			isa = PBXTargetDependency;
			target = 3FF898DF2500298E0086B713 /* GitUseExample */;
			targetProxy = 3FF899052500298F0086B713 /* PBXContainerItemProxy */;
		};
/* End PBXTargetDependency section */

/* Begin PBXVariantGroup section */
		3FF898E92500298E0086B713 /* Main.storyboard */ = {
			isa = PBXVariantGroup;
			children = (
				3FF898EA2500298E0086B713 /* Base */,
			);
			name = Main.storyboard;
			sourceTree = "<group>";
		};
		3FF898F12500298F0086B713 /* LaunchScreen.storyboard */ = {
			isa = PBXVariantGroup;
			children = (
				3FF898F22500298F0086B713 /* Base */,
			);
			name = LaunchScreen.storyboard;
			sourceTree = "<group>";
		};
/* End PBXVariantGroup section */

/* Begin XCBuildConfiguration section */
		3FF8990B2500298F0086B713 /* Debug */ = {
			isa = XCBuildConfiguration;
			buildSettings = {
				ALWAYS_SEARCH_USER_PATHS = NO;
				CLANG_ANALYZER_NONNULL = YES;
				CLANG_ANALYZER_NUMBER_OBJECT_CONVERSION = YES_AGGRESSIVE;
				CLANG_CXX_LANGUAGE_STANDARD = "gnu++14";
				CLANG_CXX_LIBRARY = "libc++";
				CLANG_ENABLE_MODULES = YES;
				CLANG_ENABLE_OBJC_ARC = YES;
				CLANG_ENABLE_OBJC_WEAK = YES;
				CLANG_WARN_BLOCK_CAPTURE_AUTORELEASING = YES;
				CLANG_WARN_BOOL_CONVERSION = YES;
				CLANG_WARN_COMMA = YES;
				CLANG_WARN_CONSTANT_CONVERSION = YES;
				CLANG_WARN_DEPRECATED_OBJC_IMPLEMENTATIONS = YES;
				CLANG_WARN_DIRECT_OBJC_ISA_USAGE = YES_ERROR;
				CLANG_WARN_DOCUMENTATION_COMMENTS = YES;
				CLANG_WARN_EMPTY_BODY = YES;
				CLANG_WARN_ENUM_CONVERSION = YES;
				CLANG_WARN_INFINITE_RECURSION = YES;
				CLANG_WARN_INT_CONVERSION = YES;
				CLANG_WARN_NON_LITERAL_NULL_CONVERSION = YES;
				CLANG_WARN_OBJC_IMPLICIT_RETAIN_SELF = YES;
				CLANG_WARN_OBJC_LITERAL_CONVERSION = YES;
				CLANG_WARN_OBJC_ROOT_CLASS = YES_ERROR;
				CLANG_WARN_RANGE_LOOP_ANALYSIS = YES;
				CLANG_WARN_STRICT_PROTOTYPES = YES;
				CLANG_WARN_SUSPICIOUS_MOVE = YES;
				CLANG_WARN_UNGUARDED_AVAILABILITY = YES_AGGRESSIVE;
				CLANG_WARN_UNREACHABLE_CODE = YES;
				CLANG_WARN__DUPLICATE_METHOD_MATCH = YES;
				COPY_PHASE_STRIP = NO;
				DEBUG_INFORMATION_FORMAT = dwarf;
				ENABLE_STRICT_OBJC_MSGSEND = YES;
				ENABLE_TESTABILITY = YES;
				GCC_C_LANGUAGE_STANDARD = gnu11;
				GCC_DYNAMIC_NO_PIC = NO;
				GCC_NO_COMMON_BLOCKS = YES;
				GCC_OPTIMIZATION_LEVEL = 0;
				GCC_PREPROCESSOR_DEFINITIONS = (
					"DEBUG=1",
					"$(inherited)",
				);
				GCC_WARN_64_TO_32_BIT_CONVERSION = YES;
				GCC_WARN_ABOUT_RETURN_TYPE = YES_ERROR;
				GCC_WARN_UNDECLARED_SELECTOR = YES;
				GCC_WARN_UNINITIALIZED_AUTOS = YES_AGGRESSIVE;
				GCC_WARN_UNUSED_FUNCTION = YES;
				GCC_WARN_UNUSED_VARIABLE = YES;
				IPHONEOS_DEPLOYMENT_TARGET = 13.5;
				MTL_ENABLE_DEBUG_INFO = INCLUDE_SOURCE;
				MTL_FAST_MATH = YES;
				ONLY_ACTIVE_ARCH = YES;
				SDKROOT = iphoneos;
				SWIFT_ACTIVE_COMPILATION_CONDITIONS = DEBUG;
				SWIFT_OPTIMIZATION_LEVEL = "-Onone";
			};
			name = Debug;
		};
		3FF8990C2500298F0086B713 /* Release */ = {
			isa = XCBuildConfiguration;
			buildSettings = {
				ALWAYS_SEARCH_USER_PATHS = NO;
				CLANG_ANALYZER_NONNULL = YES;
				CLANG_ANALYZER_NUMBER_OBJECT_CONVERSION = YES_AGGRESSIVE;
				CLANG_CXX_LANGUAGE_STANDARD = "gnu++14";
				CLANG_CXX_LIBRARY = "libc++";
				CLANG_ENABLE_MODULES = YES;
				CLANG_ENABLE_OBJC_ARC = YES;
				CLANG_ENABLE_OBJC_WEAK = YES;
				CLANG_WARN_BLOCK_CAPTURE_AUTORELEASING = YES;
				CLANG_WARN_BOOL_CONVERSION = YES;
				CLANG_WARN_COMMA = YES;
				CLANG_WARN_CONSTANT_CONVERSION = YES;
				CLANG_WARN_DEPRECATED_OBJC_IMPLEMENTATIONS = YES;
				CLANG_WARN_DIRECT_OBJC_ISA_USAGE = YES_ERROR;
				CLANG_WARN_DOCUMENTATION_COMMENTS = YES;
				CLANG_WARN_EMPTY_BODY = YES;
				CLANG_WARN_ENUM_CONVERSION = YES;
				CLANG_WARN_INFINITE_RECURSION = YES;
				CLANG_WARN_INT_CONVERSION = YES;
				CLANG_WARN_NON_LITERAL_NULL_CONVERSION = YES;
				CLANG_WARN_OBJC_IMPLICIT_RETAIN_SELF = YES;
				CLANG_WARN_OBJC_LITERAL_CONVERSION = YES;
				CLANG_WARN_OBJC_ROOT_CLASS = YES_ERROR;
				CLANG_WARN_RANGE_LOOP_ANALYSIS = YES;
				CLANG_WARN_STRICT_PROTOTYPES = YES;
				CLANG_WARN_SUSPICIOUS_MOVE = YES;
				CLANG_WARN_UNGUARDED_AVAILABILITY = YES_AGGRESSIVE;
				CLANG_WARN_UNREACHABLE_CODE = YES;
				CLANG_WARN__DUPLICATE_METHOD_MATCH = YES;
				COPY_PHASE_STRIP = NO;
				DEBUG_INFORMATION_FORMAT = "dwarf-with-dsym";
				ENABLE_NS_ASSERTIONS = NO;
				ENABLE_STRICT_OBJC_MSGSEND = YES;
				GCC_C_LANGUAGE_STANDARD = gnu11;
				GCC_NO_COMMON_BLOCKS = YES;
				GCC_WARN_64_TO_32_BIT_CONVERSION = YES;
				GCC_WARN_ABOUT_RETURN_TYPE = YES_ERROR;
				GCC_WARN_UNDECLARED_SELECTOR = YES;
				GCC_WARN_UNINITIALIZED_AUTOS = YES_AGGRESSIVE;
				GCC_WARN_UNUSED_FUNCTION = YES;
				GCC_WARN_UNUSED_VARIABLE = YES;
				IPHONEOS_DEPLOYMENT_TARGET = 13.5;
				MTL_ENABLE_DEBUG_INFO = NO;
				MTL_FAST_MATH = YES;
				SDKROOT = iphoneos;
				SWIFT_COMPILATION_MODE = wholemodule;
				SWIFT_OPTIMIZATION_LEVEL = "-O";
				VALIDATE_PRODUCT = YES;
			};
			name = Release;
		};
		3FF8990E2500298F0086B713 /* Debug */ = {
			isa = XCBuildConfiguration;
			buildSettings = {
				ASSETCATALOG_COMPILER_APPICON_NAME = AppIcon;
				CODE_SIGN_STYLE = Automatic;
				DEVELOPMENT_TEAM = AR6UBZK45G;
				INFOPLIST_FILE = GitUseExample/Info.plist;
				LD_RUNPATH_SEARCH_PATHS = (
					"$(inherited)",
					"@executable_path/Frameworks",
				);
				PRODUCT_BUNDLE_IDENTIFIER = MCC.GitUseExample;
				PRODUCT_NAME = "$(TARGET_NAME)";
				SWIFT_VERSION = 5.0;
				TARGETED_DEVICE_FAMILY = "1,2";
			};
			name = Debug;
		};
		3FF8990F2500298F0086B713 /* Release */ = {
			isa = XCBuildConfiguration;
			buildSettings = {
				ASSETCATALOG_COMPILER_APPICON_NAME = AppIcon;
				CODE_SIGN_STYLE = Automatic;
				DEVELOPMENT_TEAM = AR6UBZK45G;
				INFOPLIST_FILE = GitUseExample/Info.plist;
				LD_RUNPATH_SEARCH_PATHS = (
					"$(inherited)",
					"@executable_path/Frameworks",
				);
				PRODUCT_BUNDLE_IDENTIFIER = MCC.GitUseExample;
				PRODUCT_NAME = "$(TARGET_NAME)";
				SWIFT_VERSION = 5.0;
				TARGETED_DEVICE_FAMILY = "1,2";
			};
			name = Release;
		};
		3FF899112500298F0086B713 /* Debug */ = {
			isa = XCBuildConfiguration;
			buildSettings = {
				ALWAYS_EMBED_SWIFT_STANDARD_LIBRARIES = YES;
				BUNDLE_LOADER = "$(TEST_HOST)";
				CODE_SIGN_STYLE = Automatic;
				DEVELOPMENT_TEAM = AR6UBZK45G;
				INFOPLIST_FILE = GitUseExampleTests/Info.plist;
				IPHONEOS_DEPLOYMENT_TARGET = 13.5;
				LD_RUNPATH_SEARCH_PATHS = (
					"$(inherited)",
					"@executable_path/Frameworks",
					"@loader_path/Frameworks",
				);
				PRODUCT_BUNDLE_IDENTIFIER = MCC.GitUseExampleTests;
				PRODUCT_NAME = "$(TARGET_NAME)";
				SWIFT_VERSION = 5.0;
				TARGETED_DEVICE_FAMILY = "1,2";
				TEST_HOST = "$(BUILT_PRODUCTS_DIR)/GitUseExample.app/GitUseExample";
			};
			name = Debug;
		};
		3FF899122500298F0086B713 /* Release */ = {
			isa = XCBuildConfiguration;
			buildSettings = {
				ALWAYS_EMBED_SWIFT_STANDARD_LIBRARIES = YES;
				BUNDLE_LOADER = "$(TEST_HOST)";
				CODE_SIGN_STYLE = Automatic;
				DEVELOPMENT_TEAM = AR6UBZK45G;
				INFOPLIST_FILE = GitUseExampleTests/Info.plist;
				IPHONEOS_DEPLOYMENT_TARGET = 13.5;
				LD_RUNPATH_SEARCH_PATHS = (
					"$(inherited)",
					"@executable_path/Frameworks",
					"@loader_path/Frameworks",
				);
				PRODUCT_BUNDLE_IDENTIFIER = MCC.GitUseExampleTests;
				PRODUCT_NAME = "$(TARGET_NAME)";
				SWIFT_VERSION = 5.0;
				TARGETED_DEVICE_FAMILY = "1,2";
				TEST_HOST = "$(BUILT_PRODUCTS_DIR)/GitUseExample.app/GitUseExample";
			};
			name = Release;
		};
		3FF899142500298F0086B713 /* Debug */ = {
			isa = XCBuildConfiguration;
			buildSettings = {
				ALWAYS_EMBED_SWIFT_STANDARD_LIBRARIES = YES;
				CODE_SIGN_STYLE = Automatic;
				DEVELOPMENT_TEAM = AR6UBZK45G;
				INFOPLIST_FILE = GitUseExampleUITests/Info.plist;
				LD_RUNPATH_SEARCH_PATHS = (
					"$(inherited)",
					"@executable_path/Frameworks",
					"@loader_path/Frameworks",
				);
				PRODUCT_BUNDLE_IDENTIFIER = MCC.GitUseExampleUITests;
				PRODUCT_NAME = "$(TARGET_NAME)";
				SWIFT_VERSION = 5.0;
				TARGETED_DEVICE_FAMILY = "1,2";
				TEST_TARGET_NAME = GitUseExample;
			};
			name = Debug;
		};
		3FF899152500298F0086B713 /* Release */ = {
			isa = XCBuildConfiguration;
			buildSettings = {
				ALWAYS_EMBED_SWIFT_STANDARD_LIBRARIES = YES;
				CODE_SIGN_STYLE = Automatic;
				DEVELOPMENT_TEAM = AR6UBZK45G;
				INFOPLIST_FILE = GitUseExampleUITests/Info.plist;
				LD_RUNPATH_SEARCH_PATHS = (
					"$(inherited)",
					"@executable_path/Frameworks",
					"@loader_path/Frameworks",
				);
				PRODUCT_BUNDLE_IDENTIFIER = MCC.GitUseExampleUITests;
				PRODUCT_NAME = "$(TARGET_NAME)";
				SWIFT_VERSION = 5.0;
				TARGETED_DEVICE_FAMILY = "1,2";
				TEST_TARGET_NAME = GitUseExample;
			};
			name = Release;
		};
/* End XCBuildConfiguration section */

/* Begin XCConfigurationList section */
		3FF898DB2500298E0086B713 /* Build configuration list for PBXProject "GitUseExample" */ = {
			isa = XCConfigurationList;
			buildConfigurations = (
				3FF8990B2500298F0086B713 /* Debug */,
				3FF8990C2500298F0086B713 /* Release */,
			);
			defaultConfigurationIsVisible = 0;
			defaultConfigurationName = Release;
		};
		3FF8990D2500298F0086B713 /* Build configuration list for PBXNativeTarget "GitUseExample" */ = {
			isa = XCConfigurationList;
			buildConfigurations = (
				3FF8990E2500298F0086B713 /* Debug */,
				3FF8990F2500298F0086B713 /* Release */,
			);
			defaultConfigurationIsVisible = 0;
			defaultConfigurationName = Release;
		};
		3FF899102500298F0086B713 /* Build configuration list for PBXNativeTarget "GitUseExampleTests" */ = {
			isa = XCConfigurationList;
			buildConfigurations = (
				3FF899112500298F0086B713 /* Debug */,
				3FF899122500298F0086B713 /* Release */,
			);
			defaultConfigurationIsVisible = 0;
			defaultConfigurationName = Release;
		};
		3FF899132500298F0086B713 /* Build configuration list for PBXNativeTarget "GitUseExampleUITests" */ = {
			isa = XCConfigurationList;
			buildConfigurations = (
				3FF899142500298F0086B713 /* Debug */,
				3FF899152500298F0086B713 /* Release */,
			);
			defaultConfigurationIsVisible = 0;
			defaultConfigurationName = Release;
		};
/* End XCConfigurationList section */

/* Begin XCVersionGroup section */
		3FF898EC2500298E0086B713 /* GitUseExample.xcdatamodeld */ = {
			isa = XCVersionGroup;
			children = (
				3FF898ED2500298E0086B713 /* GitUseExample.xcdatamodel */,
			);
			currentVersion = 3FF898ED2500298E0086B713 /* GitUseExample.xcdatamodel */;
			path = GitUseExample.xcdatamodeld;
			sourceTree = "<group>";
			versionGroupType = wrapper.xcdatamodel;
		};
/* End XCVersionGroup section */
	};
	rootObject = 3FF898D82500298E0086B713 /* Project object */;
}
